{
  "name": "servidor_rastreador_coban",
  "version": "1.0.0",
  "lockfileVersion": 3,
  "requires": true,
  "packages": {
    "": {
      "name": "servidor_rastreador_coban",
      "version": "1.0.0",
      "license": "ISC",
      "dependencies": {
        "tk102": "^1.3.4"
      }
    },
    "node_modules/tk102": {
      "version": "1.3.4",
      "resolved": "https://registry.npmjs.org/tk102/-/tk102-1.3.4.tgz",
      "integrity": "sha512-gWuYvRi+2jTl6EHjlJkh25DRP+4Ygvw0T8p/PUnQr95rG+Q1WyjbJ2eWDK3MM83eJHgwnwn9fM6SD2SGf/MF3Q==",
      "deprecated": "This package is no longer being maintained.",
      "engines": {
        "node": ">=4.0.0"
      }
    }
  }
}
